<?xml version="1.0" encoding="utf-8"?>
<Project ToolsVersion="4.0" xmlns="http://schemas.microsoft.com/developer/msbuild/2003">
  <ItemGroup>
    <Filter Include="ソース ファイル">
      <UniqueIdentifier>{4FC737F1-C7A5-4376-A066-2A32D752A2FF}</UniqueIdentifier>
      <Extensions>cpp;c;cc;cxx;c++;cppm;ixx;def;odl;idl;hpj;bat;asm;asmx</Extensions>
    </Filter>
    <Filter Include="ヘッダー ファイル">
      <UniqueIdentifier>{93995380-89BD-4b04-88EB-625FBE52EBFB}</UniqueIdentifier>
      <Extensions>h;hh;hpp;hxx;h++;hm;inl;inc;ipp;xsd</Extensions>
    </Filter>
    <Filter Include="リソース ファイル">
      <UniqueIdentifier>{67DA6AB6-F800-4c08-8B7A-83BB121AAD01}</UniqueIdentifier>
      <Extensions>rc;ico;cur;bmp;dlg;rc2;rct;bin;rgs;gif;jpg;jpeg;jpe;resx;tiff;tif;png;wav;mfcribbon-ms</Extensions>
    </Filter>
    <Filter Include="imgui">
      <UniqueIdentifier>{c6cc6781-82d6-4b67-9819-0074bbcf487e}</UniqueIdentifier>
    </Filter>
    <Filter Include="KujakuEngine">
      <UniqueIdentifier>{adc5439f-48ee-4f7e-a2e9-720c59671c23}</UniqueIdentifier>
    </Filter>
    <Filter Include="KujakuEngine\math">
      <UniqueIdentifier>{c8544584-8cd7-4840-a924-a5a135a7deb5}</UniqueIdentifier>
    </Filter>
    <Filter Include="KujakuEngine\3d">
      <UniqueIdentifier>{f7c9f7a4-c510-49d6-92fa-7c0b88f81981}</UniqueIdentifier>
    </Filter>
    <Filter Include="KujakuEngine\2d">
      <UniqueIdentifier>{2537381b-99e7-4b90-a00f-9d66824cc414}</UniqueIdentifier>
    </Filter>
    <Filter Include="KujakuEngine\base">
      <UniqueIdentifier>{8d857e10-8c82-40ca-a86f-1c24f096b20e}</UniqueIdentifier>
    </Filter>
    <Filter Include="KujakuEngine\shader">
      <UniqueIdentifier>{76e52043-7741-4d1d-9347-3e978724e376}</UniqueIdentifier>
    </Filter>
    <Filter Include="KujakuEngine\audio">
      <UniqueIdentifier>{c9b53e20-ad3e-4fdd-b3bf-074a577782c5}</UniqueIdentifier>
    </Filter>
    <Filter Include="KujakuEngine\input">
      <UniqueIdentifier>{bba9aba5-b068-4ac9-9b46-d796a5ec1803}</UniqueIdentifier>
    </Filter>
    <Filter Include="ソース ファイル\GameObject">
      <UniqueIdentifier>{ebbac2a2-863a-40d1-bc25-cfbf51048c52}</UniqueIdentifier>
    </Filter>
    <Filter Include="KujakuEngine\shapes">
      <UniqueIdentifier>{4ce3014d-950b-41ee-9a0a-c94ca6731cb0}</UniqueIdentifier>
    </Filter>
  </ItemGroup>
  <ItemGroup>
    <ClCompile Include="main.cpp">
      <Filter>ソース ファイル</Filter>
    </ClCompile>
    <ClCompile Include="externals\imgui\imgui.cpp">
      <Filter>imgui</Filter>
    </ClCompile>
    <ClCompile Include="externals\imgui\imgui_demo.cpp">
      <Filter>imgui</Filter>
    </ClCompile>
    <ClCompile Include="externals\imgui\imgui_draw.cpp">
      <Filter>imgui</Filter>
    </ClCompile>
    <ClCompile Include="externals\imgui\imgui_impl_dx12.cpp">
      <Filter>imgui</Filter>
    </ClCompile>
    <ClCompile Include="externals\imgui\imgui_tables.cpp">
      <Filter>imgui</Filter>
    </ClCompile>
    <ClCompile Include="externals\imgui\imgui_widgets.cpp">
      <Filter>imgui</Filter>
    </ClCompile>
    <ClCompile Include="externals\imgui\imgui_impl_win32.cpp">
      <Filter>imgui</Filter>
    </ClCompile>
    <ClCompile Include="KujakuEngine\math\Matrix3x3.cpp">
      <Filter>KujakuEngine\math</Filter>
    </ClCompile>
    <ClCompile Include="KujakuEngine\math\Matrix4x4.cpp">
      <Filter>KujakuEngine\math</Filter>
    </ClCompile>
    <ClCompile Include="KujakuEngine\math\Vector2.cpp">
      <Filter>KujakuEngine\math</Filter>
    </ClCompile>
    <ClCompile Include="KujakuEngine\math\Vector3.cpp">
      <Filter>KujakuEngine\math</Filter>
    </ClCompile>
    <ClCompile Include="KujakuEngine\3d\Camera.cpp">
      <Filter>KujakuEngine\3d</Filter>
    </ClCompile>
    <ClCompile Include="KujakuEngine\3d\GraphicsPipeline.cpp">
      <Filter>KujakuEngine\3d</Filter>
    </ClCompile>
    <ClCompile Include="KujakuEngine\3d\Model.cpp">
      <Filter>KujakuEngine\3d</Filter>
    </ClCompile>
    <ClCompile Include="KujakuEngine\3d\WorldTransform.cpp">
      <Filter>KujakuEngine\3d</Filter>
    </ClCompile>
    <ClCompile Include="KujakuEngine\2d\ImGuiManager.cpp">
      <Filter>KujakuEngine\2d</Filter>
    </ClCompile>
    <ClCompile Include="KujakuEngine\base\DirectXCommon.cpp">
      <Filter>KujakuEngine\base</Filter>
    </ClCompile>
    <ClCompile Include="KujakuEngine\base\WinApp.cpp">
      <Filter>KujakuEngine\base</Filter>
    </ClCompile>
    <ClCompile Include="KujakuEngine\KujakuEngine.cpp">
      <Filter>KujakuEngine</Filter>
    </ClCompile>
    <ClCompile Include="KujakuEngine\2d\Sprite.cpp">
      <Filter>KujakuEngine\2d</Filter>
    </ClCompile>
    <ClCompile Include="KujakuEngine\base\Logger.cpp">
      <Filter>KujakuEngine\base</Filter>
    </ClCompile>
    <ClCompile Include="KujakuEngine\base\StringUtil.cpp">
      <Filter>KujakuEngine\base</Filter>
    </ClCompile>
    <ClCompile Include="KujakuEngine\3d\DirectionalLight.cpp">
      <Filter>KujakuEngine\3d</Filter>
    </ClCompile>
    <ClCompile Include="KujakuEngine\3d\DebugCamera.cpp">
      <Filter>KujakuEngine\3d</Filter>
    </ClCompile>
    <ClCompile Include="KujakuEngine\input\Input.cpp">
      <Filter>KujakuEngine\input</Filter>
    </ClCompile>
    <ClCompile Include="KujakuEngine\shapes\Rect.cpp">
      <Filter>KujakuEngine\shapes</Filter>
    </ClCompile>
    <ClCompile Include="KujakuEngine\math\Random.cpp">
      <Filter>KujakuEngine\math</Filter>
    </ClCompile>
    <ClCompile Include="KujakuEngine\math\Easing.cpp">
      <Filter>KujakuEngine\math</Filter>
    </ClCompile>
    <ClCompile Include="KujakuEngine\shapes\AABB.cpp">
      <Filter>KujakuEngine\shapes</Filter>
    </ClCompile>
    <ClCompile Include="KujakuEngine\shapes\ShapeUtil.cpp">
      <Filter>KujakuEngine\shapes</Filter>
    </ClCompile>
    <ClCompile Include="KujakuEngine\base\TextureManager.cpp">
      <Filter>KujakuEngine\base</Filter>
    </ClCompile>
    <ClCompile Include="KujakuEngine\3d\ParticleModel.cpp">
      <Filter>KujakuEngine\3d</Filter>
    </ClCompile>
  </ItemGroup>
  <ItemGroup>
    <ClInclude Include="externals\imgui\imconfig.h">
      <Filter>imgui</Filter>
    </ClInclude>
    <ClInclude Include="externals\imgui\imgui.h">
      <Filter>imgui</Filter>
    </ClInclude>
    <ClInclude Include="externals\imgui\imgui_impl_dx12.h">
      <Filter>imgui</Filter>
    </ClInclude>
    <ClInclude Include="externals\imgui\imgui_internal.h">
      <Filter>imgui</Filter>
    </ClInclude>
    <ClInclude Include="externals\imgui\imstb_rectpack.h">
      <Filter>imgui</Filter>
    </ClInclude>
    <ClInclude Include="externals\imgui\imstb_textedit.h">
      <Filter>imgui</Filter>
    </ClInclude>
    <ClInclude Include="externals\imgui\imstb_truetype.h">
      <Filter>imgui</Filter>
    </ClInclude>
    <ClInclude Include="externals\imgui\imgui_impl_win32.h">
      <Filter>imgui</Filter>
    </ClInclude>
    <ClInclude Include="KujakuEngine\math\Matrix3x3.h">
      <Filter>KujakuEngine\math</Filter>
    </ClInclude>
    <ClInclude Include="KujakuEngine\math\Matrix4x4.h">
      <Filter>KujakuEngine\math</Filter>
    </ClInclude>
    <ClInclude Include="KujakuEngine\math\Vector2.h">
      <Filter>KujakuEngine\math</Filter>
    </ClInclude>
    <ClInclude Include="KujakuEngine\math\Vector3.h">
      <Filter>KujakuEngine\math</Filter>
    </ClInclude>
    <ClInclude Include="KujakuEngine\math\Vector4.h">
      <Filter>KujakuEngine\math</Filter>
    </ClInclude>
    <ClInclude Include="KujakuEngine\3d\Camera.h">
      <Filter>KujakuEngine\3d</Filter>
    </ClInclude>
    <ClInclude Include="KujakuEngine\3d\DirectionalLight.h">
      <Filter>KujakuEngine\3d</Filter>
    </ClInclude>
    <ClInclude Include="KujakuEngine\3d\GraphicsPipeline.h">
      <Filter>KujakuEngine\3d</Filter>
    </ClInclude>
    <ClInclude Include="KujakuEngine\3d\Model.h">
      <Filter>KujakuEngine\3d</Filter>
    </ClInclude>
    <ClInclude Include="KujakuEngine\3d\WorldTransform.h">
      <Filter>KujakuEngine\3d</Filter>
    </ClInclude>
    <ClInclude Include="KujakuEngine\2d\ImGuiManager.h">
      <Filter>KujakuEngine\2d</Filter>
    </ClInclude>
    <ClInclude Include="KujakuEngine\base\DirectXCommon.h">
      <Filter>KujakuEngine\base</Filter>
    </ClInclude>
    <ClInclude Include="KujakuEngine\base\WinApp.h">
      <Filter>KujakuEngine\base</Filter>
    </ClInclude>
    <ClInclude Include="KujakuEngine\KujakuEngine.h">
      <Filter>KujakuEngine</Filter>
    </ClInclude>
    <ClInclude Include="KujakuEngine\2d\Sprite.h">
      <Filter>KujakuEngine\2d</Filter>
    </ClInclude>
    <ClInclude Include="KujakuEngine\base\Logger.h">
      <Filter>KujakuEngine\base</Filter>
    </ClInclude>
    <ClInclude Include="KujakuEngine\base\StringUtil.h">
      <Filter>KujakuEngine\base</Filter>
    </ClInclude>
    <ClInclude Include="KujakuEngine\3d\DebugCamera.h">
      <Filter>KujakuEngine\3d</Filter>
    </ClInclude>
    <ClInclude Include="KujakuEngine\input\Input.h">
      <Filter>KujakuEngine\input</Filter>
    </ClInclude>
    <ClInclude Include="KujakuEngine\shapes\Rect.h">
      <Filter>KujakuEngine\shapes</Filter>
    </ClInclude>
    <ClInclude Include="KujakuEngine\math\Random.h">
      <Filter>KujakuEngine\math</Filter>
    </ClInclude>
    <ClInclude Include="KujakuEngine\math\Easing.h">
      <Filter>KujakuEngine\math</Filter>
    </ClInclude>
    <ClInclude Include="KujakuEngine\shapes\AABB.h">
      <Filter>KujakuEngine\shapes</Filter>
    </ClInclude>
    <ClInclude Include="KujakuEngine\shapes\ShapeUtil.h">
      <Filter>KujakuEngine\shapes</Filter>
    </ClInclude>
    <ClInclude Include="KujakuEngine\base\TextureManager.h">
      <Filter>KujakuEngine\base</Filter>
    </ClInclude>
    <ClInclude Include="KujakuEngine\3d\ParticleModel.h">
      <Filter>KujakuEngine\3d</Filter>
    </ClInclude>
  </ItemGroup>
  <ItemGroup>
    <Text Include="externals\imgui\LICENSE.txt">
      <Filter>imgui</Filter>
    </Text>
  </ItemGroup>
  <ItemGroup>
    <None Include="KujakuEngine\shader\Object3d.hlsli">
      <Filter>KujakuEngine\shader</Filter>
    </None>
    <None Include="KujakuEngine\shader\Particle.hlsli">
      <Filter>KujakuEngine\shader</Filter>
    </None>
  </ItemGroup>
  <ItemGroup>
    <FxCompile Include="KujakuEngine\shader\Object3d.PS.hlsl">
      <Filter>KujakuEngine\shader</Filter>
    </FxCompile>
    <FxCompile Include="KujakuEngine\shader\Object3d.VS.hlsl">
      <Filter>KujakuEngine\shader</Filter>
    </FxCompile>
    <FxCompile Include="KujakuEngine\shader\Particle.PS.hlsl">
      <Filter>KujakuEngine\shader</Filter>
    </FxCompile>
    <FxCompile Include="KujakuEngine\shader\Particle.VS.hlsl">
      <Filter>KujakuEngine\shader</Filter>
    </FxCompile>
  </ItemGroup>
</Project>