<?xml version="1.0" encoding="utf-8"?>
<Project ToolsVersion="4.0" xmlns="http://schemas.microsoft.com/developer/msbuild/2003">
  <ItemGroup>
    <Filter Include="ソース ファイル">
      <UniqueIdentifier>{4FC737F1-C7A5-4376-A066-2A32D752A2FF}</UniqueIdentifier>
      <Extensions>cpp;c;cc;cxx;c++;cppm;ixx;def;odl;idl;hpj;bat;asm;asmx</Extensions>
    </Filter>
    <Filter Include="ヘッダー ファイル">
      <UniqueIdentifier>{93995380-89BD-4b04-88EB-625FBE52EBFB}</UniqueIdentifier>
      <Extensions>h;hh;hpp;hxx;h++;hm;inl;inc;ipp;xsd</Extensions>
    </Filter>
    <Filter Include="リソース ファイル">
      <UniqueIdentifier>{67DA6AB6-F800-4c08-8B7A-83BB121AAD01}</UniqueIdentifier>
      <Extensions>rc;ico;cur;bmp;dlg;rc2;rct;bin;rgs;gif;jpg;jpeg;jpe;resx;tiff;tif;png;wav;mfcribbon-ms</Extensions>
    </Filter>
    <Filter Include="imgui">
      <UniqueIdentifier>{c6cc6781-82d6-4b67-9819-0074bbcf487e}</UniqueIdentifier>
    </Filter>
    <Filter Include="ImGuizmo">
      <UniqueIdentifier>{67d74850-0802-48bb-8a07-63839b40c7db}</UniqueIdentifier>
    </Filter>
    <Filter Include="KujakuEngine">
      <UniqueIdentifier>{adc5439f-48ee-4f7e-a2e9-720c59671c23}</UniqueIdentifier>
    </Filter>
    <Filter Include="KujakuEngine\math">
      <UniqueIdentifier>{c8544584-8cd7-4840-a924-a5a135a7deb5}</UniqueIdentifier>
    </Filter>
    <Filter Include="KujakuEngine\3d">
      <UniqueIdentifier>{f7c9f7a4-c510-49d6-92fa-7c0b88f81981}</UniqueIdentifier>
    </Filter>
    <Filter Include="KujakuEngine\2d">
      <UniqueIdentifier>{2537381b-99e7-4b90-a00f-9d66824cc414}</UniqueIdentifier>
    </Filter>
    <Filter Include="KujakuEngine\base">
      <UniqueIdentifier>{8d857e10-8c82-40ca-a86f-1c24f096b20e}</UniqueIdentifier>
    </Filter>
    <Filter Include="KujakuEngine\shader">
      <UniqueIdentifier>{76e52043-7741-4d1d-9347-3e978724e376}</UniqueIdentifier>
    </Filter>
    <Filter Include="KujakuEngine\audio">
      <UniqueIdentifier>{c9b53e20-ad3e-4fdd-b3bf-074a577782c5}</UniqueIdentifier>
    </Filter>
    <Filter Include="KujakuEngine\input">
      <UniqueIdentifier>{bba9aba5-b068-4ac9-9b46-d796a5ec1803}</UniqueIdentifier>
    </Filter>
    <Filter Include="ソース ファイル\GameObject">
      <UniqueIdentifier>{ebbac2a2-863a-40d1-bc25-cfbf51048c52}</UniqueIdentifier>
    </Filter>
    <Filter Include="KujakuEngine\shapes">
      <UniqueIdentifier>{4ce3014d-950b-41ee-9a0a-c94ca6731cb0}</UniqueIdentifier>
    </Filter>
    <Filter Include="KujakuEngine\vfx">
      <UniqueIdentifier>{ae19aad8-f3e4-4adc-83d4-4c5a704702bd}</UniqueIdentifier>
    </Filter>
    <Filter Include="KujakuEngine\Editor">
      <UniqueIdentifier>{e7b43ca6-a8f5-4d84-a27f-a67608eb0f49}</UniqueIdentifier>
    </Filter>
    <Filter Include="KujakuEngine\components">
      <UniqueIdentifier>{a2868ec1-0c72-4d5d-8b0f-e5503cc1603f}</UniqueIdentifier>
    </Filter>
    <Filter Include="KujakuEngine\runtime">
      <UniqueIdentifier>{034d85de-0d5f-4a2e-b90b-76fd6ee7e5f4}</UniqueIdentifier>
    </Filter>
    <Filter Include="KujakuEngine\assets">
      <UniqueIdentifier>{b1819ac8-7f61-43e1-a565-df0cb53a59d2}</UniqueIdentifier>
    </Filter>
  </ItemGroup>
  <ItemGroup>
    <ClCompile Include="main.cpp">
      <Filter>ソース ファイル</Filter>
    </ClCompile>
    <ClCompile Include="externals\imgui\imgui.cpp">
      <Filter>imgui</Filter>
    </ClCompile>
    <ClCompile Include="externals\imgui\imgui_demo.cpp">
      <Filter>imgui</Filter>
    </ClCompile>
    <ClCompile Include="externals\imgui\imgui_draw.cpp">
      <Filter>imgui</Filter>
    </ClCompile>
    <ClCompile Include="externals\imgui\imgui_impl_dx12.cpp">
      <Filter>imgui</Filter>
    </ClCompile>
    <ClCompile Include="externals\imgui\imgui_tables.cpp">
      <Filter>imgui</Filter>
    </ClCompile>
    <ClCompile Include="externals\imgui\imgui_widgets.cpp">
      <Filter>imgui</Filter>
    </ClCompile>
    <ClCompile Include="externals\imgui\imgui_impl_win32.cpp">
      <Filter>imgui</Filter>
    </ClCompile>
    <ClCompile Include="externals\ImGuizmo-1.9\src\ImGuizmo.cpp">
      <Filter>ImGuizmo</Filter>
    </ClCompile>
    <ClCompile Include="KujakuEngine\math\Matrix3x3.cpp">
      <Filter>KujakuEngine\math</Filter>
    </ClCompile>
    <ClCompile Include="KujakuEngine\math\Matrix4x4.cpp">
      <Filter>KujakuEngine\math</Filter>
    </ClCompile>
    <ClCompile Include="KujakuEngine\math\Vector2.cpp">
      <Filter>KujakuEngine\math</Filter>
    </ClCompile>
    <ClCompile Include="KujakuEngine\math\Vector3.cpp">
      <Filter>KujakuEngine\math</Filter>
    </ClCompile>
    <ClCompile Include="KujakuEngine\3d\Camera.cpp">
      <Filter>KujakuEngine\3d</Filter>
    </ClCompile>
    <ClCompile Include="KujakuEngine\3d\GraphicsPipeline.cpp">
      <Filter>KujakuEngine\3d</Filter>
    </ClCompile>
    <ClCompile Include="KujakuEngine\3d\LineRenderer.cpp">
      <Filter>KujakuEngine\3d</Filter>
    </ClCompile>
    <ClCompile Include="KujakuEngine\3d\Model.cpp">
      <Filter>KujakuEngine\3d</Filter>
    </ClCompile>
    <ClCompile Include="KujakuEngine\3d\ModelUtil.cpp">
      <Filter>KujakuEngine\3d</Filter>
    </ClCompile>
    <ClCompile Include="KujakuEngine\3d\WorldTransform.cpp">
      <Filter>KujakuEngine\3d</Filter>
    </ClCompile>
    <ClCompile Include="KujakuEngine\Editor\ImGuiManager.cpp">
      <Filter>KujakuEngine\Editor</Filter>
    </ClCompile>
    <ClCompile Include="KujakuEngine\base\DirectXCommon.cpp">
      <Filter>KujakuEngine\base</Filter>
    </ClCompile>
    <ClCompile Include="KujakuEngine\base\WinApp.cpp">
      <Filter>KujakuEngine\base</Filter>
    </ClCompile>
    <ClCompile Include="KujakuEngine\KujakuEngine.cpp">
      <Filter>KujakuEngine</Filter>
    </ClCompile>
    <ClCompile Include="KujakuEngine\2d\Sprite.cpp">
      <Filter>KujakuEngine\2d</Filter>
    </ClCompile>
    <ClCompile Include="KujakuEngine\assets\MaterialAsset.cpp">
      <Filter>KujakuEngine\assets</Filter>
    </ClCompile>
    <ClCompile Include="KujakuEngine\Editor\AssetDatabase.cpp">
      <Filter>KujakuEngine\Editor</Filter>
    </ClCompile>
    <ClCompile Include="KujakuEngine\Editor\EditorApplication.cpp">
      <Filter>KujakuEngine\Editor</Filter>
    </ClCompile>
    <ClCompile Include="KujakuEngine\base\ProjectPath.cpp">
      <Filter>KujakuEngine\base</Filter>
    </ClCompile>
    <ClCompile Include="KujakuEngine\Editor\EditorConsole.cpp">
      <Filter>KujakuEngine\Editor</Filter>
    </ClCompile>
    <ClCompile Include="KujakuEngine\Editor\EditorDockSpace.cpp">
      <Filter>KujakuEngine\Editor</Filter>
    </ClCompile>
    <ClCompile Include="KujakuEngine\Editor\EditorImGuiUtil.cpp">
      <Filter>KujakuEngine\Editor</Filter>
    </ClCompile>
    <ClCompile Include="KujakuEngine\Editor\EditorSelection.cpp">
      <Filter>KujakuEngine\Editor</Filter>
    </ClCompile>
    <ClCompile Include="KujakuEngine\Editor\EditorStyle.cpp">
      <Filter>KujakuEngine\Editor</Filter>
    </ClCompile>
    <ClCompile Include="KujakuEngine\Editor\EditorUndoManager.cpp">
      <Filter>KujakuEngine\Editor</Filter>
    </ClCompile>
    <ClCompile Include="KujakuEngine\Editor\InspectorUI.cpp">
      <Filter>KujakuEngine\Editor</Filter>
    </ClCompile>
    <ClCompile Include="KujakuEngine\Editor\PrefabAsset.cpp">
      <Filter>KujakuEngine\Editor</Filter>
    </ClCompile>
    <ClCompile Include="KujakuEngine\Editor\ProjectAssetClassifier.cpp">
      <Filter>KujakuEngine\Editor</Filter>
    </ClCompile>
    <ClCompile Include="KujakuEngine\Editor\ProjectWindow.cpp">
      <Filter>KujakuEngine\Editor</Filter>
    </ClCompile>
    <ClCompile Include="KujakuEngine\Editor\HierarchyWindow.cpp">
      <Filter>KujakuEngine\Editor</Filter>
    </ClCompile>
    <ClCompile Include="KujakuEngine\Editor\InspectorWindow.cpp">
      <Filter>KujakuEngine\Editor</Filter>
    </ClCompile>
    <ClCompile Include="KujakuEngine\Editor\MaterialInspector.cpp">
      <Filter>KujakuEngine\Editor</Filter>
    </ClCompile>
    <ClCompile Include="KujakuEngine\Editor\SceneViewWindow.cpp">
      <Filter>KujakuEngine\Editor</Filter>
    </ClCompile>
    <ClCompile Include="KujakuEngine\Editor\SceneJsonExporter.cpp">
      <Filter>KujakuEngine\Editor</Filter>
    </ClCompile>
    <ClCompile Include="KujakuEngine\Editor\SceneJsonImporter.cpp">
      <Filter>KujakuEngine\Editor</Filter>
    </ClCompile>
    <ClCompile Include="KujakuEngine\base\Logger.cpp">
      <Filter>KujakuEngine\base</Filter>
    </ClCompile>
    <ClCompile Include="KujakuEngine\base\StringUtil.cpp">
      <Filter>KujakuEngine\base</Filter>
    </ClCompile>
    <ClCompile Include="KujakuEngine\3d\DirectionalLight.cpp">
      <Filter>KujakuEngine\3d</Filter>
    </ClCompile>
    <ClCompile Include="KujakuEngine\3d\DebugCamera.cpp">
      <Filter>KujakuEngine\3d</Filter>
    </ClCompile>
    <ClCompile Include="KujakuEngine\input\Input.cpp">
      <Filter>KujakuEngine\input</Filter>
    </ClCompile>
    <ClCompile Include="KujakuEngine\shapes\Rect.cpp">
      <Filter>KujakuEngine\shapes</Filter>
    </ClCompile>
    <ClCompile Include="KujakuEngine\math\Random.cpp">
      <Filter>KujakuEngine\math</Filter>
    </ClCompile>
    <ClCompile Include="KujakuEngine\math\Easing.cpp">
      <Filter>KujakuEngine\math</Filter>
    </ClCompile>
    <ClCompile Include="KujakuEngine\shapes\AABB.cpp">
      <Filter>KujakuEngine\shapes</Filter>
    </ClCompile>
    <ClCompile Include="KujakuEngine\shapes\ShapeUtil.cpp">
      <Filter>KujakuEngine\shapes</Filter>
    </ClCompile>
    <ClCompile Include="KujakuEngine\base\TextureManager.cpp">
      <Filter>KujakuEngine\base</Filter>
    </ClCompile>
    <ClCompile Include="KujakuEngine\vfx\ParticleEmitter.cpp">
      <Filter>KujakuEngine\vfx</Filter>
    </ClCompile>
    <ClCompile Include="KujakuEngine\vfx\ParticleModel.cpp">
      <Filter>KujakuEngine\vfx</Filter>
    </ClCompile>
    <ClCompile Include="KujakuEngine\vfx\ParticleField.cpp">
      <Filter>KujakuEngine\vfx</Filter>
    </ClCompile>
    <ClCompile Include="KujakuEngine\3d\PointLight.cpp">
      <Filter>KujakuEngine\3d</Filter>
    </ClCompile>
    <ClCompile Include="KujakuEngine\3d\SpotLight.cpp">
      <Filter>KujakuEngine\3d</Filter>
    </ClCompile>
    <ClCompile Include="KujakuEngine\scene\Component.cpp">
      <Filter>KujakuEngine</Filter>
    </ClCompile>
    <ClCompile Include="KujakuEngine\runtime\GameModuleLoader.cpp">
      <Filter>KujakuEngine\runtime</Filter>
    </ClCompile>
    <ClCompile Include="KujakuEngine\runtime\PlayState.cpp">
      <Filter>KujakuEngine\runtime</Filter>
    </ClCompile>
    <ClCompile Include="KujakuEngine\runtime\AssetResolver.cpp">
      <Filter>KujakuEngine\runtime</Filter>
    </ClCompile>
    <ClCompile Include="KujakuEngine\scene\ComponentFactory.cpp">
      <Filter>KujakuEngine</Filter>
    </ClCompile>
    <ClCompile Include="KujakuEngine\scene\GameObject.cpp">
      <Filter>KujakuEngine</Filter>
    </ClCompile>
    <ClCompile Include="KujakuEngine\scene\RayCast.cpp">
      <Filter>KujakuEngine</Filter>
    </ClCompile>
    <ClCompile Include="KujakuEngine\scene\Scene.cpp">
      <Filter>KujakuEngine</Filter>
    </ClCompile>
    <ClCompile Include="KujakuEngine\components\BuiltinComponents.cpp">
      <Filter>KujakuEngine\components</Filter>
    </ClCompile>
    <ClCompile Include="KujakuEngine\components\CameraComponent.cpp">
      <Filter>KujakuEngine\components</Filter>
    </ClCompile>
    <ClCompile Include="KujakuEngine\components\ColliderComponent.cpp">
      <Filter>KujakuEngine\components</Filter>
    </ClCompile>
    <ClCompile Include="KujakuEngine\components\DebugCameraComponent.cpp">
      <Filter>KujakuEngine\components</Filter>
    </ClCompile>
    <ClCompile Include="KujakuEngine\components\DirectionalLightComponent.cpp">
      <Filter>KujakuEngine\components</Filter>
    </ClCompile>
    <ClCompile Include="KujakuEngine\components\ModelRendererComponent.cpp">
      <Filter>KujakuEngine\components</Filter>
    </ClCompile>
    <ClCompile Include="KujakuEngine\components\PointLightComponent.cpp">
      <Filter>KujakuEngine\components</Filter>
    </ClCompile>
    <ClCompile Include="KujakuEngine\components\RotatorComponent.cpp">
      <Filter>KujakuEngine\components</Filter>
    </ClCompile>
    <ClCompile Include="KujakuEngine\components\TransformComponent.cpp">
      <Filter>KujakuEngine\components</Filter>
    </ClCompile>
    <ClCompile Include="KujakuEngine\scene\SampleScene.cpp">
      <Filter>KujakuEngine</Filter>
    </ClCompile>
    <ClCompile Include="KujakuEngine\math\MathUtil.cpp">
      <Filter>KujakuEngine\math</Filter>
    </ClCompile>
    <ClCompile Include="KujakuEngine\3d\AxisIndicator.cpp">
      <Filter>KujakuEngine</Filter>
    </ClCompile>
    <ClCompile Include="KujakuEngine\shapes\Collider.cpp">
      <Filter>KujakuEngine</Filter>
    </ClCompile>
    <ClCompile Include="KujakuEngine\shapes\CollisionManager.cpp">
      <Filter>KujakuEngine</Filter>
    </ClCompile>
    <ClCompile Include="KujakuEngine\3d\FollowCamera.cpp">
      <Filter>KujakuEngine</Filter>
    </ClCompile>
    <ClCompile Include="KujakuEngine\base\GlobalVariables.cpp">
      <Filter>KujakuEngine</Filter>
    </ClCompile>
    <ClCompile Include="KujakuEngine\vfx\InstancingModel.cpp">
      <Filter>KujakuEngine</Filter>
    </ClCompile>
    <ClCompile Include="KujakuEngine\3d\RailCameraController.cpp">
      <Filter>KujakuEngine</Filter>
    </ClCompile>
    <ClCompile Include="KujakuEngine\base\Time.cpp">
      <Filter>KujakuEngine</Filter>
    </ClCompile>
  </ItemGroup>
  <ItemGroup>
    <ClInclude Include="externals\imgui\imconfig.h">
      <Filter>imgui</Filter>
    </ClInclude>
    <ClInclude Include="externals\imgui\imgui.h">
      <Filter>imgui</Filter>
    </ClInclude>
    <ClInclude Include="externals\imgui\imgui_impl_dx12.h">
      <Filter>imgui</Filter>
    </ClInclude>
    <ClInclude Include="externals\imgui\imgui_internal.h">
      <Filter>imgui</Filter>
    </ClInclude>
    <ClInclude Include="externals\imgui\imstb_rectpack.h">
      <Filter>imgui</Filter>
    </ClInclude>
    <ClInclude Include="externals\imgui\imstb_textedit.h">
      <Filter>imgui</Filter>
    </ClInclude>
    <ClInclude Include="externals\imgui\imstb_truetype.h">
      <Filter>imgui</Filter>
    </ClInclude>
    <ClInclude Include="externals\imgui\imgui_impl_win32.h">
      <Filter>imgui</Filter>
    </ClInclude>
    <ClInclude Include="KujakuEngine\math\Matrix3x3.h">
      <Filter>KujakuEngine\math</Filter>
    </ClInclude>
    <ClInclude Include="KujakuEngine\math\Matrix4x4.h">
      <Filter>KujakuEngine\math</Filter>
    </ClInclude>
    <ClInclude Include="KujakuEngine\math\Vector2.h">
      <Filter>KujakuEngine\math</Filter>
    </ClInclude>
    <ClInclude Include="KujakuEngine\math\Vector3.h">
      <Filter>KujakuEngine\math</Filter>
    </ClInclude>
    <ClInclude Include="KujakuEngine\math\Vector4.h">
      <Filter>KujakuEngine\math</Filter>
    </ClInclude>
    <ClInclude Include="KujakuEngine\3d\Camera.h">
      <Filter>KujakuEngine\3d</Filter>
    </ClInclude>
    <ClInclude Include="KujakuEngine\3d\DirectionalLight.h">
      <Filter>KujakuEngine\3d</Filter>
    </ClInclude>
    <ClInclude Include="KujakuEngine\3d\GraphicsPipeline.h">
      <Filter>KujakuEngine\3d</Filter>
    </ClInclude>
    <ClInclude Include="KujakuEngine\3d\LineRenderer.h">
      <Filter>KujakuEngine\3d</Filter>
    </ClInclude>
    <ClInclude Include="KujakuEngine\3d\Model.h">
      <Filter>KujakuEngine\3d</Filter>
    </ClInclude>
    <ClInclude Include="KujakuEngine\3d\ModelUtil.h">
      <Filter>KujakuEngine\3d</Filter>
    </ClInclude>
    <ClInclude Include="KujakuEngine\3d\WorldTransform.h">
      <Filter>KujakuEngine\3d</Filter>
    </ClInclude>
    <ClInclude Include="KujakuEngine\Editor\ImGuiManager.h">
      <Filter>KujakuEngine\Editor</Filter>
    </ClInclude>
    <ClInclude Include="KujakuEngine\base\DirectXCommon.h">
      <Filter>KujakuEngine\base</Filter>
    </ClInclude>
    <ClInclude Include="KujakuEngine\base\WinApp.h">
      <Filter>KujakuEngine\base</Filter>
    </ClInclude>
    <ClInclude Include="KujakuEngine\KujakuEngine.h">
      <Filter>KujakuEngine</Filter>
    </ClInclude>
    <ClInclude Include="KujakuEngine\2d\Sprite.h">
      <Filter>KujakuEngine\2d</Filter>
    </ClInclude>
    <ClInclude Include="KujakuEngine\assets\MaterialAsset.h">
      <Filter>KujakuEngine\assets</Filter>
    </ClInclude>
    <ClInclude Include="KujakuEngine\components\BuiltinComponents.h">
      <Filter>KujakuEngine\components</Filter>
    </ClInclude>
    <ClInclude Include="KujakuEngine\components\CameraComponent.h">
      <Filter>KujakuEngine\components</Filter>
    </ClInclude>
    <ClInclude Include="KujakuEngine\components\ColliderComponent.h">
      <Filter>KujakuEngine\components</Filter>
    </ClInclude>
    <ClInclude Include="KujakuEngine\components\DebugCameraComponent.h">
      <Filter>KujakuEngine\components</Filter>
    </ClInclude>
    <ClInclude Include="KujakuEngine\components\DirectionalLightComponent.h">
      <Filter>KujakuEngine\components</Filter>
    </ClInclude>
    <ClInclude Include="KujakuEngine\components\ModelRendererComponent.h">
      <Filter>KujakuEngine\components</Filter>
    </ClInclude>
    <ClInclude Include="KujakuEngine\components\PointLightComponent.h">
      <Filter>KujakuEngine\components</Filter>
    </ClInclude>
    <ClInclude Include="KujakuEngine\components\RotatorComponent.h">
      <Filter>KujakuEngine\components</Filter>
    </ClInclude>
    <ClInclude Include="KujakuEngine\components\TransformComponent.h">
      <Filter>KujakuEngine\components</Filter>
    </ClInclude>
    <ClInclude Include="KujakuEngine\Editor\AssetDatabase.h">
      <Filter>KujakuEngine\Editor</Filter>
    </ClInclude>
    <ClInclude Include="KujakuEngine\Editor\EditorApplication.h">
      <Filter>KujakuEngine\Editor</Filter>
    </ClInclude>
    <ClInclude Include="KujakuEngine\base\ProjectPath.h">
      <Filter>KujakuEngine\base</Filter>
    </ClInclude>
    <ClInclude Include="KujakuEngine\Editor\EditorConsole.h">
      <Filter>KujakuEngine\Editor</Filter>
    </ClInclude>
    <ClInclude Include="KujakuEngine\Editor\EditorDockSpace.h">
      <Filter>KujakuEngine\Editor</Filter>
    </ClInclude>
    <ClInclude Include="KujakuEngine\Editor\EditorImGuiUtil.h">
      <Filter>KujakuEngine\Editor</Filter>
    </ClInclude>
    <ClInclude Include="KujakuEngine\Editor\EditorSelection.h">
      <Filter>KujakuEngine\Editor</Filter>
    </ClInclude>
    <ClInclude Include="KujakuEngine\Editor\EditorStyle.h">
      <Filter>KujakuEngine\Editor</Filter>
    </ClInclude>
    <ClInclude Include="KujakuEngine\Editor\EditorUndoManager.h">
      <Filter>KujakuEngine\Editor</Filter>
    </ClInclude>
    <ClInclude Include="KujakuEngine\runtime\InspectorUI.h">
      <Filter>KujakuEngine\runtime</Filter>
    </ClInclude>
    <ClInclude Include="KujakuEngine\runtime\PlayState.h">
      <Filter>KujakuEngine\runtime</Filter>
    </ClInclude>
    <ClInclude Include="KujakuEngine\runtime\AssetResolver.h">
      <Filter>KujakuEngine\runtime</Filter>
    </ClInclude>
    <ClInclude Include="KujakuEngine\runtime\IAssetResolver.h">
      <Filter>KujakuEngine\runtime</Filter>
    </ClInclude>
    <ClInclude Include="KujakuEngine\Editor\PrefabAsset.h">
      <Filter>KujakuEngine\Editor</Filter>
    </ClInclude>
    <ClInclude Include="KujakuEngine\Editor\ProjectAssetClassifier.h">
      <Filter>KujakuEngine\Editor</Filter>
    </ClInclude>
    <ClInclude Include="KujakuEngine\Editor\ProjectWindow.h">
      <Filter>KujakuEngine\Editor</Filter>
    </ClInclude>
    <ClInclude Include="KujakuEngine\Editor\HierarchyWindow.h">
      <Filter>KujakuEngine\Editor</Filter>
    </ClInclude>
    <ClInclude Include="KujakuEngine\Editor\InspectorWindow.h">
      <Filter>KujakuEngine\Editor</Filter>
    </ClInclude>
    <ClInclude Include="KujakuEngine\Editor\MaterialInspector.h">
      <Filter>KujakuEngine\Editor</Filter>
    </ClInclude>
    <ClInclude Include="KujakuEngine\Editor\SceneViewWindow.h">
      <Filter>KujakuEngine\Editor</Filter>
    </ClInclude>
    <ClInclude Include="KujakuEngine\Editor\SceneJsonExporter.h">
      <Filter>KujakuEngine\Editor</Filter>
    </ClInclude>
    <ClInclude Include="KujakuEngine\Editor\SceneJsonImporter.h">
      <Filter>KujakuEngine\Editor</Filter>
    </ClInclude>
    <ClInclude Include="KujakuEngine\base\Logger.h">
      <Filter>KujakuEngine\base</Filter>
    </ClInclude>
    <ClInclude Include="KujakuEngine\base\StringUtil.h">
      <Filter>KujakuEngine\base</Filter>
    </ClInclude>
    <ClInclude Include="KujakuEngine\3d\DebugCamera.h">
      <Filter>KujakuEngine\3d</Filter>
    </ClInclude>
    <ClInclude Include="KujakuEngine\input\Input.h">
      <Filter>KujakuEngine\input</Filter>
    </ClInclude>
    <ClInclude Include="KujakuEngine\shapes\Rect.h">
      <Filter>KujakuEngine\shapes</Filter>
    </ClInclude>
    <ClInclude Include="KujakuEngine\math\Random.h">
      <Filter>KujakuEngine\math</Filter>
    </ClInclude>
    <ClInclude Include="KujakuEngine\math\Easing.h">
      <Filter>KujakuEngine\math</Filter>
    </ClInclude>
    <ClInclude Include="KujakuEngine\shapes\AABB.h">
      <Filter>KujakuEngine\shapes</Filter>
    </ClInclude>
    <ClInclude Include="KujakuEngine\shapes\ShapeUtil.h">
      <Filter>KujakuEngine\shapes</Filter>
    </ClInclude>
    <ClInclude Include="KujakuEngine\base\TextureManager.h">
      <Filter>KujakuEngine\base</Filter>
    </ClInclude>
    <ClInclude Include="KujakuEngine\vfx\Particle.h">
      <Filter>KujakuEngine\vfx</Filter>
    </ClInclude>
    <ClInclude Include="KujakuEngine\vfx\ParticleEmitter.h">
      <Filter>KujakuEngine\vfx</Filter>
    </ClInclude>
    <ClInclude Include="KujakuEngine\vfx\ParticleModel.h">
      <Filter>KujakuEngine\vfx</Filter>
    </ClInclude>
    <ClInclude Include="KujakuEngine\vfx\ParticleField.h">
      <Filter>KujakuEngine\vfx</Filter>
    </ClInclude>
    <ClInclude Include="KujakuEngine\3d\PointLight.h">
      <Filter>KujakuEngine\3d</Filter>
    </ClInclude>
    <ClInclude Include="KujakuEngine\3d\SpotLight.h">
      <Filter>KujakuEngine\3d</Filter>
    </ClInclude>
    <ClInclude Include="KujakuEngine\scene\Component.h">
      <Filter>KujakuEngine</Filter>
    </ClInclude>
    <ClInclude Include="KujakuEngine\scene\IEditorBillboard.h">
      <Filter>KujakuEngine</Filter>
    </ClInclude>
    <ClInclude Include="KujakuEngine\scene\IMaterialTarget.h">
      <Filter>KujakuEngine</Filter>
    </ClInclude>
    <ClInclude Include="KujakuEngine\scene\IRaycastTarget.h">
      <Filter>KujakuEngine</Filter>
    </ClInclude>
    <ClInclude Include="KujakuEngine\scene\ISceneCamera.h">
      <Filter>KujakuEngine</Filter>
    </ClInclude>
    <ClInclude Include="KujakuEngine\runtime\GameModule.h">
      <Filter>KujakuEngine\runtime</Filter>
    </ClInclude>
    <ClInclude Include="KujakuEngine\runtime\GameModuleLoader.h">
      <Filter>KujakuEngine\runtime</Filter>
    </ClInclude>
    <ClInclude Include="KujakuEngine\runtime\KujakuApi.h">
      <Filter>KujakuEngine\runtime</Filter>
    </ClInclude>
    <ClInclude Include="KujakuEngine\scene\ComponentFactory.h">
      <Filter>KujakuEngine</Filter>
    </ClInclude>
    <ClInclude Include="KujakuEngine\scene\GameObject.h">
      <Filter>KujakuEngine</Filter>
    </ClInclude>
    <ClInclude Include="KujakuEngine\scene\RayCast.h">
      <Filter>KujakuEngine</Filter>
    </ClInclude>
    <ClInclude Include="KujakuEngine\scene\SampleScene.h">
      <Filter>KujakuEngine</Filter>
    </ClInclude>
    <ClInclude Include="KujakuEngine\scene\Scene.h">
      <Filter>KujakuEngine</Filter>
    </ClInclude>
    <ClInclude Include="externals\ImGuizmo-1.9\src\ImGuizmo.h">
      <Filter>ImGuizmo</Filter>
    </ClInclude>
    <ClInclude Include="KujakuEngine\math\MathUtil.h">
      <Filter>KujakuEngine\math</Filter>
    </ClInclude>
    <ClInclude Include="KujakuEngine\base\Time.h">
      <Filter>KujakuEngine</Filter>
    </ClInclude>
    <ClInclude Include="KujakuEngine\3d\AxisIndicator.h">
      <Filter>KujakuEngine</Filter>
    </ClInclude>
    <ClInclude Include="KujakuEngine\shapes\Collider.h">
      <Filter>KujakuEngine</Filter>
    </ClInclude>
    <ClInclude Include="KujakuEngine\shapes\CollisionManager.h">
      <Filter>KujakuEngine</Filter>
    </ClInclude>
    <ClInclude Include="KujakuEngine\3d\FollowCamera.h">
      <Filter>KujakuEngine</Filter>
    </ClInclude>
    <ClInclude Include="KujakuEngine\base\GlobalVariables.h">
      <Filter>KujakuEngine</Filter>
    </ClInclude>
    <ClInclude Include="KujakuEngine\vfx\InstancingModel.h">
      <Filter>KujakuEngine</Filter>
    </ClInclude>
    <ClInclude Include="KujakuEngine\3d\RailCameraController.h">
      <Filter>KujakuEngine</Filter>
    </ClInclude>
  </ItemGroup>
  <ItemGroup>
    <Text Include="externals\imgui\LICENSE.txt">
      <Filter>imgui</Filter>
    </Text>
  </ItemGroup>
  <ItemGroup>
    <None Include="KujakuEngine\shader\Object3d.hlsli">
      <Filter>KujakuEngine\shader</Filter>
    </None>
    <None Include="KujakuEngine\shader\Particle.hlsli">
      <Filter>KujakuEngine\shader</Filter>
    </None>
    <None Include="Resources\shader\Line.VS.hlsl" />
    <None Include="Resources\shader\Line.PS.hlsl" />
  </ItemGroup>
  <ItemGroup>
    <FxCompile Include="KujakuEngine\shader\Object3d.PS.hlsl">
      <Filter>KujakuEngine\shader</Filter>
    </FxCompile>
    <FxCompile Include="KujakuEngine\shader\Object3d.VS.hlsl">
      <Filter>KujakuEngine\shader</Filter>
    </FxCompile>
    <FxCompile Include="KujakuEngine\shader\Particle.PS.hlsl">
      <Filter>KujakuEngine\shader</Filter>
    </FxCompile>
    <FxCompile Include="KujakuEngine\shader\Particle.VS.hlsl">
      <Filter>KujakuEngine\shader</Filter>
    </FxCompile>
  </ItemGroup>
</Project>
